
Microsoft Visual Studio Solution File, Format Version 12.00
Project("{FAE04EC0-301F-11D3-BF4B-00C04F79EFBC}") = "Chat.Infrastructure", "src\Chat.Infrastructure\Chat.Infrastructure.csproj", "{FBE0BA1F-45E5-4F8B-B364-4228BC411F4E}"
EndProject
Project("{FAE04EC0-301F-11D3-BF4B-00C04F79EFBC}") = "Chat.Domain", "src\Chat.Domain\Chat.Domain.csproj", "{5874E4F0-69BF-479C-AC3B-603486F167CC}"
EndProject
Project("{FAE04EC0-301F-11D3-BF4B-00C04F79EFBC}") = "Chat.API", "src\Chat.API\Chat.API.csproj", "{6F0F9204-52B2-495C-B6C0-677F9CD1F979}"
EndProject
Project("{FAE04EC0-301F-11D3-BF4B-00C04F79EFBC}") = "Chat.Common", "src\Chat.Common\Chat.Common.csproj", "{4741983D-2447-4E70-8F24-5ABDE59801A0}"
EndProject
Project("{FAE04EC0-301F-11D3-BF4B-00C04F79EFBC}") = "Chat.Application", "src\Chat.Application\Chat.Application.csproj", "{E763D63B-A9E7-458F-AC4A-45E51E0F5D14}"
EndProject
Project("{FAE04EC0-301F-11D3-BF4B-00C04F79EFBC}") = "Chat.Application.Contracts", "src\Chat.Application.Contracts\Chat.Application.Contracts.csproj", "{FB327E9E-37F2-44A7-B602-8E71798593DB}"
EndProject
Project("{FAE04EC0-301F-11D3-BF4B-00C04F79EFBC}") = "Chat.Server", "src\Chat.Server\Chat.Server.csproj", "{201308CD-4BEA-444A-8DE6-9E8D8BE1C208}"
EndProject
Global
	GlobalSection(SolutionConfigurationPlatforms) = preSolution
		Debug|Any CPU = Debug|Any CPU
		Release|Any CPU = Release|Any CPU
	EndGlobalSection
	GlobalSection(ProjectConfigurationPlatforms) = postSolution
		{FBE0BA1F-45E5-4F8B-B364-4228BC411F4E}.Debug|Any CPU.ActiveCfg = Debug|Any CPU
		{FBE0BA1F-45E5-4F8B-B364-4228BC411F4E}.Debug|Any CPU.Build.0 = Debug|Any CPU
		{FBE0BA1F-45E5-4F8B-B364-4228BC411F4E}.Release|Any CPU.ActiveCfg = Release|Any CPU
		{FBE0BA1F-45E5-4F8B-B364-4228BC411F4E}.Release|Any CPU.Build.0 = Release|Any CPU
		{5874E4F0-69BF-479C-AC3B-603486F167CC}.Debug|Any CPU.ActiveCfg = Debug|Any CPU
		{5874E4F0-69BF-479C-AC3B-603486F167CC}.Debug|Any CPU.Build.0 = Debug|Any CPU
		{5874E4F0-69BF-479C-AC3B-603486F167CC}.Release|Any CPU.ActiveCfg = Release|Any CPU
		{5874E4F0-69BF-479C-AC3B-603486F167CC}.Release|Any CPU.Build.0 = Release|Any CPU
		{6F0F9204-52B2-495C-B6C0-677F9CD1F979}.Debug|Any CPU.ActiveCfg = Debug|Any CPU
		{6F0F9204-52B2-495C-B6C0-677F9CD1F979}.Debug|Any CPU.Build.0 = Debug|Any CPU
		{6F0F9204-52B2-495C-B6C0-677F9CD1F979}.Release|Any CPU.ActiveCfg = Release|Any CPU
		{6F0F9204-52B2-495C-B6C0-677F9CD1F979}.Release|Any CPU.Build.0 = Release|Any CPU
		{4741983D-2447-4E70-8F24-5ABDE59801A0}.Debug|Any CPU.ActiveCfg = Debug|Any CPU
		{4741983D-2447-4E70-8F24-5ABDE59801A0}.Debug|Any CPU.Build.0 = Debug|Any CPU
		{4741983D-2447-4E70-8F24-5ABDE59801A0}.Release|Any CPU.ActiveCfg = Release|Any CPU
		{4741983D-2447-4E70-8F24-5ABDE59801A0}.Release|Any CPU.Build.0 = Release|Any CPU
		{E763D63B-A9E7-458F-AC4A-45E51E0F5D14}.Debug|Any CPU.ActiveCfg = Debug|Any CPU
		{E763D63B-A9E7-458F-AC4A-45E51E0F5D14}.Debug|Any CPU.Build.0 = Debug|Any CPU
		{E763D63B-A9E7-458F-AC4A-45E51E0F5D14}.Release|Any CPU.ActiveCfg = Release|Any CPU
		{E763D63B-A9E7-458F-AC4A-45E51E0F5D14}.Release|Any CPU.Build.0 = Release|Any CPU
		{FB327E9E-37F2-44A7-B602-8E71798593DB}.Debug|Any CPU.ActiveCfg = Debug|Any CPU
		{FB327E9E-37F2-44A7-B602-8E71798593DB}.Debug|Any CPU.Build.0 = Debug|Any CPU
		{FB327E9E-37F2-44A7-B602-8E71798593DB}.Release|Any CPU.ActiveCfg = Release|Any CPU
		{FB327E9E-37F2-44A7-B602-8E71798593DB}.Release|Any CPU.Build.0 = Release|Any CPU
		{0A054E3B-D3DA-4FE2-A8C4-70F249E03220}.Debug|Any CPU.ActiveCfg = Debug|Any CPU
		{0A054E3B-D3DA-4FE2-A8C4-70F249E03220}.Debug|Any CPU.Build.0 = Debug|Any CPU
		{0A054E3B-D3DA-4FE2-A8C4-70F249E03220}.Release|Any CPU.ActiveCfg = Release|Any CPU
		{0A054E3B-D3DA-4FE2-A8C4-70F249E03220}.Release|Any CPU.Build.0 = Release|Any CPU
		{201308CD-4BEA-444A-8DE6-9E8D8BE1C208}.Debug|Any CPU.ActiveCfg = Debug|Any CPU
		{201308CD-4BEA-444A-8DE6-9E8D8BE1C208}.Debug|Any CPU.Build.0 = Debug|Any CPU
		{201308CD-4BEA-444A-8DE6-9E8D8BE1C208}.Release|Any CPU.ActiveCfg = Release|Any CPU
		{201308CD-4BEA-444A-8DE6-9E8D8BE1C208}.Release|Any CPU.Build.0 = Release|Any CPU
	EndGlobalSection
EndGlobal
